// !$*UTF8*$!
{
	archiveVersion = 1;
	classes = {
	};
	objectVersion = 56;
	objects = {

/* Begin PBXBuildFile section */
		FD9539F02B543DFB000624FB /* EventFormMode.swift in Sources */ = {isa = PBXBuildFile; fileRef = FD9539EF2B543DFB000624FB /* EventFormMode.swift */; };
		FDC31C0A2B444F8800FBFEC4 /* Event_CountdownApp.swift in Sources */ = {isa = PBXBuildFile; fileRef = FDC31C092B444F8800FBFEC4 /* Event_CountdownApp.swift */; };
		FDC31C342B4459C100FBFEC4 /* EventRow.swift in Sources */ = {isa = PBXBuildFile; fileRef = FDC31C332B4459C100FBFEC4 /* EventRow.swift */; };
		FDC31C362B4459EF00FBFEC4 /* Event.swift in Sources */ = {isa = PBXBuildFile; fileRef = FDC31C352B4459EF00FBFEC4 /* Event.swift */; };
		FDC31C382B445D6B00FBFEC4 /* EventsView.swift in Sources */ = {isa = PBXBuildFile; fileRef = FDC31C372B445D6B00FBFEC4 /* EventsView.swift */; };
		FDC31C3C2B44619000FBFEC4 /* EventForm.swift in Sources */ = {isa = PBXBuildFile; fileRef = FDC31C3B2B44619000FBFEC4 /* EventForm.swift */; };
/* End PBXBuildFile section */

/* Begin PBXContainerItemProxy section */
		FDC31C172B444F8A00FBFEC4 /* PBXContainerItemProxy */ = {
			isa = PBXContainerItemProxy;
			containerPortal = FDC31BFE2B444F8800FBFEC4 /* Project object */;
			proxyType = 1;
			remoteGlobalIDString = FDC31C052B444F8800FBFEC4;
			remoteInfo = "Event Countdown";
		};
		FDC31C212B444F8A00FBFEC4 /* PBXContainerItemProxy */ = {
			isa = PBXContainerItemProxy;
			containerPortal = FDC31BFE2B444F8800FBFEC4 /* Project object */;
			proxyType = 1;
			remoteGlobalIDString = FDC31C052B444F8800FBFEC4;
			remoteInfo = "Event Countdown";
		};
/* End PBXContainerItemProxy section */

/* Begin PBXFileReference section */
		FD9539EF2B543DFB000624FB /* EventFormMode.swift */ = {isa = PBXFileReference; lastKnownFileType = sourcecode.swift; path = EventFormMode.swift; sourceTree = "<group>"; };
		FDC31C062B444F8800FBFEC4 /* Event Countdown.app */ = {isa = PBXFileReference; explicitFileType = wrapper.application; includeInIndex = 0; path = "Event Countdown.app"; sourceTree = BUILT_PRODUCTS_DIR; };
		FDC31C092B444F8800FBFEC4 /* Event_CountdownApp.swift */ = {isa = PBXFileReference; lastKnownFileType = sourcecode.swift; path = Event_CountdownApp.swift; sourceTree = "<group>"; };
		FDC31C162B444F8A00FBFEC4 /* Event CountdownTests.xctest */ = {isa = PBXFileReference; explicitFileType = wrapper.cfbundle; includeInIndex = 0; path = "Event CountdownTests.xctest"; sourceTree = BUILT_PRODUCTS_DIR; };
		FDC31C202B444F8A00FBFEC4 /* Event CountdownUITests.xctest */ = {isa = PBXFileReference; explicitFileType = wrapper.cfbundle; includeInIndex = 0; path = "Event CountdownUITests.xctest"; sourceTree = BUILT_PRODUCTS_DIR; };
		FDC31C332B4459C100FBFEC4 /* EventRow.swift */ = {isa = PBXFileReference; lastKnownFileType = sourcecode.swift; path = EventRow.swift; sourceTree = "<group>"; };
		FDC31C352B4459EF00FBFEC4 /* Event.swift */ = {isa = PBXFileReference; lastKnownFileType = sourcecode.swift; path = Event.swift; sourceTree = "<group>"; };
		FDC31C372B445D6B00FBFEC4 /* EventsView.swift */ = {isa = PBXFileReference; lastKnownFileType = sourcecode.swift; path = EventsView.swift; sourceTree = "<group>"; };
		FDC31C3B2B44619000FBFEC4 /* EventForm.swift */ = {isa = PBXFileReference; lastKnownFileType = sourcecode.swift; path = EventForm.swift; sourceTree = "<group>"; };
/* End PBXFileReference section */

/* Begin PBXFrameworksBuildPhase section */
		FDC31C032B444F8800FBFEC4 /* Frameworks */ = {
			isa = PBXFrameworksBuildPhase;
			buildActionMask = 2147483647;
			files = (
			);
			runOnlyForDeploymentPostprocessing = 0;
		};
		FDC31C132B444F8A00FBFEC4 /* Frameworks */ = {
			isa = PBXFrameworksBuildPhase;
			buildActionMask = 2147483647;
			files = (
			);
			runOnlyForDeploymentPostprocessing = 0;
		};
		FDC31C1D2B444F8A00FBFEC4 /* Frameworks */ = {
			isa = PBXFrameworksBuildPhase;
			buildActionMask = 2147483647;
			files = (
			);
			runOnlyForDeploymentPostprocessing = 0;
		};
/* End PBXFrameworksBuildPhase section */

/* Begin PBXGroup section */
		FDC31BFD2B444F8800FBFEC4 = {
			isa = PBXGroup;
			children = (
				FDC31C082B444F8800FBFEC4 /* Event Countdown */,
				FDC31C072B444F8800FBFEC4 /* Products */,
			);
			sourceTree = "<group>";
		};
		FDC31C072B444F8800FBFEC4 /* Products */ = {
			isa = PBXGroup;
			children = (
				FDC31C062B444F8800FBFEC4 /* Event Countdown.app */,
				FDC31C162B444F8A00FBFEC4 /* Event CountdownTests.xctest */,
				FDC31C202B444F8A00FBFEC4 /* Event CountdownUITests.xctest */,
			);
			name = Products;
			sourceTree = "<group>";
		};
		FDC31C082B444F8800FBFEC4 /* Event Countdown */ = {
			isa = PBXGroup;
			children = (
				FD9539EF2B543DFB000624FB /* EventFormMode.swift */,
				FDC31C092B444F8800FBFEC4 /* Event_CountdownApp.swift */,
				FDC31C332B4459C100FBFEC4 /* EventRow.swift */,
				FDC31C352B4459EF00FBFEC4 /* Event.swift */,
				FDC31C372B445D6B00FBFEC4 /* EventsView.swift */,
				FDC31C3B2B44619000FBFEC4 /* EventForm.swift */,
			);
			path = "Event Countdown";
			sourceTree = "<group>";
		};
/* End PBXGroup section */

/* Begin PBXNativeTarget section */
		FDC31C052B444F8800FBFEC4 /* Event Countdown */ = {
			isa = PBXNativeTarget;
			buildConfigurationList = FDC31C2A2B444F8A00FBFEC4 /* Build configuration list for PBXNativeTarget "Event Countdown" */;
			buildPhases = (
				FDC31C022B444F8800FBFEC4 /* Sources */,
				FDC31C032B444F8800FBFEC4 /* Frameworks */,
				FDC31C042B444F8800FBFEC4 /* Resources */,
			);
			buildRules = (
			);
			dependencies = (
			);
			name = "Event Countdown";
			productName = "Event Countdown";
			productReference = FDC31C062B444F8800FBFEC4 /* Event Countdown.app */;
			productType = "com.apple.product-type.application";
		};
		FDC31C152B444F8A00FBFEC4 /* Event CountdownTests */ = {
			isa = PBXNativeTarget;
			buildConfigurationList = FDC31C2D2B444F8A00FBFEC4 /* Build configuration list for PBXNativeTarget "Event CountdownTests" */;
			buildPhases = (
				FDC31C122B444F8A00FBFEC4 /* Sources */,
				FDC31C132B444F8A00FBFEC4 /* Frameworks */,
				FDC31C142B444F8A00FBFEC4 /* Resources */,
			);
			buildRules = (
			);
			dependencies = (
				FDC31C182B444F8A00FBFEC4 /* PBXTargetDependency */,
			);
			name = "Event CountdownTests";
			productName = "Event CountdownTests";
			productReference = FDC31C162B444F8A00FBFEC4 /* Event CountdownTests.xctest */;
			productType = "com.apple.product-type.bundle.unit-test";
		};
		FDC31C1F2B444F8A00FBFEC4 /* Event CountdownUITests */ = {
			isa = PBXNativeTarget;
			buildConfigurationList = FDC31C302B444F8A00FBFEC4 /* Build configuration list for PBXNativeTarget "Event CountdownUITests" */;
			buildPhases = (
				FDC31C1C2B444F8A00FBFEC4 /* Sources */,
				FDC31C1D2B444F8A00FBFEC4 /* Frameworks */,
				FDC31C1E2B444F8A00FBFEC4 /* Resources */,
			);
			buildRules = (
			);
			dependencies = (
				FDC31C222B444F8A00FBFEC4 /* PBXTargetDependency */,
			);
			name = "Event CountdownUITests";
			productName = "Event CountdownUITests";
			productReference = FDC31C202B444F8A00FBFEC4 /* Event CountdownUITests.xctest */;
			productType = "com.apple.product-type.bundle.ui-testing";
		};
/* End PBXNativeTarget section */

/* Begin PBXProject section */
		FDC31BFE2B444F8800FBFEC4 /* Project object */ = {
			isa = PBXProject;
			attributes = {
				BuildIndependentTargetsInParallel = 1;
				LastSwiftUpdateCheck = 1510;
				LastUpgradeCheck = 1510;
				TargetAttributes = {
					FDC31C052B444F8800FBFEC4 = {
						CreatedOnToolsVersion = 15.1;
					};
					FDC31C152B444F8A00FBFEC4 = {
						CreatedOnToolsVersion = 15.1;
						TestTargetID = FDC31C052B444F8800FBFEC4;
					};
					FDC31C1F2B444F8A00FBFEC4 = {
						CreatedOnToolsVersion = 15.1;
						TestTargetID = FDC31C052B444F8800FBFEC4;
					};
				};
			};
			buildConfigurationList = FDC31C012B444F8800FBFEC4 /* Build configuration list for PBXProject "Event Countdown" */;
			compatibilityVersion = "Xcode 14.0";
			developmentRegion = en;
			hasScannedForEncodings = 0;
			knownRegions = (
				en,
				Base,
			);
			mainGroup = FDC31BFD2B444F8800FBFEC4;
			productRefGroup = FDC31C072B444F8800FBFEC4 /* Products */;
			projectDirPath = "";
			projectRoot = "";
			targets = (
				FDC31C052B444F8800FBFEC4 /* Event Countdown */,
				FDC31C152B444F8A00FBFEC4 /* Event CountdownTests */,
				FDC31C1F2B444F8A00FBFEC4 /* Event CountdownUITests */,
			);
		};
/* End PBXProject section */

/* Begin PBXResourcesBuildPhase section */
		FDC31C042B444F8800FBFEC4 /* Resources */ = {
			isa = PBXResourcesBuildPhase;
			buildActionMask = 2147483647;
			files = (
			);
			runOnlyForDeploymentPostprocessing = 0;
		};
		FDC31C142B444F8A00FBFEC4 /* Resources */ = {
			isa = PBXResourcesBuildPhase;
			buildActionMask = 2147483647;
			files = (
			);
			runOnlyForDeploymentPostprocessing = 0;
		};
		FDC31C1E2B444F8A00FBFEC4 /* Resources */ = {
			isa = PBXResourcesBuildPhase;
			buildActionMask = 2147483647;
			files = (
			);
			runOnlyForDeploymentPostprocessing = 0;
		};
/* End PBXResourcesBuildPhase section */

/* Begin PBXSourcesBuildPhase section */
		FDC31C022B444F8800FBFEC4 /* Sources */ = {
			isa = PBXSourcesBuildPhase;
			buildActionMask = 2147483647;
			files = (
				FDC31C362B4459EF00FBFEC4 /* Event.swift in Sources */,
				FDC31C382B445D6B00FBFEC4 /* EventsView.swift in Sources */,
				FD9539F02B543DFB000624FB /* EventFormMode.swift in Sources */,
				FDC31C342B4459C100FBFEC4 /* EventRow.swift in Sources */,
				FDC31C3C2B44619000FBFEC4 /* EventForm.swift in Sources */,
				FDC31C0A2B444F8800FBFEC4 /* Event_CountdownApp.swift in Sources */,
			);
			runOnlyForDeploymentPostprocessing = 0;
		};
		FDC31C122B444F8A00FBFEC4 /* Sources */ = {
			isa = PBXSourcesBuildPhase;
			buildActionMask = 2147483647;
			files = (
			);
			runOnlyForDeploymentPostprocessing = 0;
		};
		FDC31C1C2B444F8A00FBFEC4 /* Sources */ = {
			isa = PBXSourcesBuildPhase;
			buildActionMask = 2147483647;
			files = (
			);
			runOnlyForDeploymentPostprocessing = 0;
		};
/* End PBXSourcesBuildPhase section */

/* Begin PBXTargetDependency section */
		FDC31C182B444F8A00FBFEC4 /* PBXTargetDependency */ = {
			isa = PBXTargetDependency;
			target = FDC31C052B444F8800FBFEC4 /* Event Countdown */;
			targetProxy = FDC31C172B444F8A00FBFEC4 /* PBXContainerItemProxy */;
		};
		FDC31C222B444F8A00FBFEC4 /* PBXTargetDependency */ = {
			isa = PBXTargetDependency;
			target = FDC31C052B444F8800FBFEC4 /* Event Countdown */;
			targetProxy = FDC31C212B444F8A00FBFEC4 /* PBXContainerItemProxy */;
		};
/* End PBXTargetDependency section */

/* Begin XCBuildConfiguration section */
		FDC31C282B444F8A00FBFEC4 /* Debug */ = {
			isa = XCBuildConfiguration;
			buildSettings = {
				ALWAYS_SEARCH_USER_PATHS = NO;
				ASSETCATALOG_COMPILER_GENERATE_SWIFT_ASSET_SYMBOL_EXTENSIONS = YES;
				CLANG_ANALYZER_NONNULL = YES;
				CLANG_ANALYZER_NUMBER_OBJECT_CONVERSION = YES_AGGRESSIVE;
				CLANG_CXX_LANGUAGE_STANDARD = "gnu++20";
				CLANG_ENABLE_MODULES = YES;
				CLANG_ENABLE_OBJC_ARC = YES;
				CLANG_ENABLE_OBJC_WEAK = YES;
				CLANG_WARN_BLOCK_CAPTURE_AUTORELEASING = YES;
				CLANG_WARN_BOOL_CONVERSION = YES;
				CLANG_WARN_COMMA = YES;
				CLANG_WARN_CONSTANT_CONVERSION = YES;
				CLANG_WARN_DEPRECATED_OBJC_IMPLEMENTATIONS = YES;
				CLANG_WARN_DIRECT_OBJC_ISA_USAGE = YES_ERROR;
				CLANG_WARN_DOCUMENTATION_COMMENTS = YES;
				CLANG_WARN_EMPTY_BODY = YES;
				CLANG_WARN_ENUM_CONVERSION = YES;
				CLANG_WARN_INFINITE_RECURSION = YES;
				CLANG_WARN_INT_CONVERSION = YES;
				CLANG_WARN_NON_LITERAL_NULL_CONVERSION = YES;
				CLANG_WARN_OBJC_IMPLICIT_RETAIN_SELF = YES;
				CLANG_WARN_OBJC_LITERAL_CONVERSION = YES;
				CLANG_WARN_OBJC_ROOT_CLASS = YES_ERROR;
				CLANG_WARN_QUOTED_INCLUDE_IN_FRAMEWORK_HEADER = YES;
				CLANG_WARN_RANGE_LOOP_ANALYSIS = YES;
				CLANG_WARN_STRICT_PROTOTYPES = YES;
				CLANG_WARN_SUSPICIOUS_MOVE = YES;
				CLANG_WARN_UNGUARDED_AVAILABILITY = YES_AGGRESSIVE;
				CLANG_WARN_UNREACHABLE_CODE = YES;
				CLANG_WARN__DUPLICATE_METHOD_MATCH = YES;
				COPY_PHASE_STRIP = NO;
				DEBUG_INFORMATION_FORMAT = dwarf;
				ENABLE_STRICT_OBJC_MSGSEND = YES;
				ENABLE_TESTABILITY = YES;
				ENABLE_USER_SCRIPT_SANDBOXING = YES;
				GCC_C_LANGUAGE_STANDARD = gnu17;
				GCC_DYNAMIC_NO_PIC = NO;
				GCC_NO_COMMON_BLOCKS = YES;
				GCC_OPTIMIZATION_LEVEL = 0;
				GCC_PREPROCESSOR_DEFINITIONS = (
					"DEBUG=1",
					"$(inherited)",
				);
				GCC_WARN_64_TO_32_BIT_CONVERSION = YES;
				GCC_WARN_ABOUT_RETURN_TYPE = YES_ERROR;
				GCC_WARN_UNDECLARED_SELECTOR = YES;
				GCC_WARN_UNINITIALIZED_AUTOS = YES_AGGRESSIVE;
				GCC_WARN_UNUSED_FUNCTION = YES;
				GCC_WARN_UNUSED_VARIABLE = YES;
				IPHONEOS_DEPLOYMENT_TARGET = 17.2;
				LOCALIZATION_PREFERS_STRING_CATALOGS = YES;
				MTL_ENABLE_DEBUG_INFO = INCLUDE_SOURCE;
				MTL_FAST_MATH = YES;
				ONLY_ACTIVE_ARCH = YES;
				SDKROOT = iphoneos;
				SWIFT_ACTIVE_COMPILATION_CONDITIONS = "DEBUG $(inherited)";
				SWIFT_OPTIMIZATION_LEVEL = "-Onone";
			};
			name = Debug;
		};
		FDC31C292B444F8A00FBFEC4 /* Release */ = {
			isa = XCBuildConfiguration;
			buildSettings = {
				ALWAYS_SEARCH_USER_PATHS = NO;
				ASSETCATALOG_COMPILER_GENERATE_SWIFT_ASSET_SYMBOL_EXTENSIONS = YES;
				CLANG_ANALYZER_NONNULL = YES;
				CLANG_ANALYZER_NUMBER_OBJECT_CONVERSION = YES_AGGRESSIVE;
				CLANG_CXX_LANGUAGE_STANDARD = "gnu++20";
				CLANG_ENABLE_MODULES = YES;
				CLANG_ENABLE_OBJC_ARC = YES;
				CLANG_ENABLE_OBJC_WEAK = YES;
				CLANG_WARN_BLOCK_CAPTURE_AUTORELEASING = YES;
				CLANG_WARN_BOOL_CONVERSION = YES;
				CLANG_WARN_COMMA = YES;
				CLANG_WARN_CONSTANT_CONVERSION = YES;
				CLANG_WARN_DEPRECATED_OBJC_IMPLEMENTATIONS = YES;
				CLANG_WARN_DIRECT_OBJC_ISA_USAGE = YES_ERROR;
				CLANG_WARN_DOCUMENTATION_COMMENTS = YES;
				CLANG_WARN_EMPTY_BODY = YES;
				CLANG_WARN_ENUM_CONVERSION = YES;
				CLANG_WARN_INFINITE_RECURSION = YES;
				CLANG_WARN_INT_CONVERSION = YES;
				CLANG_WARN_NON_LITERAL_NULL_CONVERSION = YES;
				CLANG_WARN_OBJC_IMPLICIT_RETAIN_SELF = YES;
				CLANG_WARN_OBJC_LITERAL_CONVERSION = YES;
				CLANG_WARN_OBJC_ROOT_CLASS = YES_ERROR;
				CLANG_WARN_QUOTED_INCLUDE_IN_FRAMEWORK_HEADER = YES;
				CLANG_WARN_RANGE_LOOP_ANALYSIS = YES;
				CLANG_WARN_STRICT_PROTOTYPES = YES;
				CLANG_WARN_SUSPICIOUS_MOVE = YES;
				CLANG_WARN_UNGUARDED_AVAILABILITY = YES_AGGRESSIVE;
				CLANG_WARN_UNREACHABLE_CODE = YES;
				CLANG_WARN__DUPLICATE_METHOD_MATCH = YES;
				COPY_PHASE_STRIP = NO;
				DEBUG_INFORMATION_FORMAT = "dwarf-with-dsym";
				ENABLE_NS_ASSERTIONS = NO;
				ENABLE_STRICT_OBJC_MSGSEND = YES;
				ENABLE_USER_SCRIPT_SANDBOXING = YES;
				GCC_C_LANGUAGE_STANDARD = gnu17;
				GCC_NO_COMMON_BLOCKS = YES;
				GCC_WARN_64_TO_32_BIT_CONVERSION = YES;
				GCC_WARN_ABOUT_RETURN_TYPE = YES_ERROR;
				GCC_WARN_UNDECLARED_SELECTOR = YES;
				GCC_WARN_UNINITIALIZED_AUTOS = YES_AGGRESSIVE;
				GCC_WARN_UNUSED_FUNCTION = YES;
				GCC_WARN_UNUSED_VARIABLE = YES;
				IPHONEOS_DEPLOYMENT_TARGET = 17.2;
				LOCALIZATION_PREFERS_STRING_CATALOGS = YES;
				MTL_ENABLE_DEBUG_INFO = NO;
				MTL_FAST_MATH = YES;
				SDKROOT = iphoneos;
				SWIFT_COMPILATION_MODE = wholemodule;
				VALIDATE_PRODUCT = YES;
			};
			name = Release;
		};
		FDC31C2B2B444F8A00FBFEC4 /* Debug */ = {
			isa = XCBuildConfiguration;
			buildSettings = {
				ASSETCATALOG_COMPILER_APPICON_NAME = AppIcon;
				ASSETCATALOG_COMPILER_GLOBAL_ACCENT_COLOR_NAME = AccentColor;
				CODE_SIGN_STYLE = Automatic;
				CURRENT_PROJECT_VERSION = 1;
				DEVELOPMENT_ASSET_PATHS = "";
				ENABLE_PREVIEWS = YES;
				GENERATE_INFOPLIST_FILE = YES;
				INFOPLIST_KEY_UIApplicationSceneManifest_Generation = YES;
				INFOPLIST_KEY_UIApplicationSupportsIndirectInputEvents = YES;
				INFOPLIST_KEY_UILaunchScreen_Generation = YES;
				INFOPLIST_KEY_UISupportedInterfaceOrientations_iPad = "UIInterfaceOrientationPortrait UIInterfaceOrientationPortraitUpsideDown UIInterfaceOrientationLandscapeLeft UIInterfaceOrientationLandscapeRight";
				INFOPLIST_KEY_UISupportedInterfaceOrientations_iPhone = "UIInterfaceOrientationPortrait UIInterfaceOrientationLandscapeLeft UIInterfaceOrientationLandscapeRight";
				IPHONEOS_DEPLOYMENT_TARGET = 17.0;
				LD_RUNPATH_SEARCH_PATHS = (
					"$(inherited)",
					"@executable_path/Frameworks",
				);
				MARKETING_VERSION = 1.0;
				PRODUCT_BUNDLE_IDENTIFIER = "com.hailongduong.Event-Countdown";
				PRODUCT_NAME = "$(TARGET_NAME)";
				SWIFT_EMIT_LOC_STRINGS = YES;
				SWIFT_VERSION = 5.0;
				TARGETED_DEVICE_FAMILY = "1,2";
			};
			name = Debug;
		};
		FDC31C2C2B444F8A00FBFEC4 /* Release */ = {
			isa = XCBuildConfiguration;
			buildSettings = {
				ASSETCATALOG_COMPILER_APPICON_NAME = AppIcon;
				ASSETCATALOG_COMPILER_GLOBAL_ACCENT_COLOR_NAME = AccentColor;
				CODE_SIGN_STYLE = Automatic;
				CURRENT_PROJECT_VERSION = 1;
				DEVELOPMENT_ASSET_PATHS = "";
				ENABLE_PREVIEWS = YES;
				GENERATE_INFOPLIST_FILE = YES;
				INFOPLIST_KEY_UIApplicationSceneManifest_Generation = YES;
				INFOPLIST_KEY_UIApplicationSupportsIndirectInputEvents = YES;
				INFOPLIST_KEY_UILaunchScreen_Generation = YES;
				INFOPLIST_KEY_UISupportedInterfaceOrientations_iPad = "UIInterfaceOrientationPortrait UIInterfaceOrientationPortraitUpsideDown UIInterfaceOrientationLandscapeLeft UIInterfaceOrientationLandscapeRight";
				INFOPLIST_KEY_UISupportedInterfaceOrientations_iPhone = "UIInterfaceOrientationPortrait UIInterfaceOrientationLandscapeLeft UIInterfaceOrientationLandscapeRight";
				IPHONEOS_DEPLOYMENT_TARGET = 17.0;
				LD_RUNPATH_SEARCH_PATHS = (
					"$(inherited)",
					"@executable_path/Frameworks",
				);
				MARKETING_VERSION = 1.0;
				PRODUCT_BUNDLE_IDENTIFIER = "com.hailongduong.Event-Countdown";
				PRODUCT_NAME = "$(TARGET_NAME)";
				SWIFT_EMIT_LOC_STRINGS = YES;
				SWIFT_VERSION = 5.0;
				TARGETED_DEVICE_FAMILY = "1,2";
			};
			name = Release;
		};
		FDC31C2E2B444F8A00FBFEC4 /* Debug */ = {
			isa = XCBuildConfiguration;
			buildSettings = {
				ALWAYS_EMBED_SWIFT_STANDARD_LIBRARIES = YES;
				BUNDLE_LOADER = "$(TEST_HOST)";
				CODE_SIGN_STYLE = Automatic;
				CURRENT_PROJECT_VERSION = 1;
				GENERATE_INFOPLIST_FILE = YES;
				IPHONEOS_DEPLOYMENT_TARGET = 17.2;
				MARKETING_VERSION = 1.0;
				PRODUCT_BUNDLE_IDENTIFIER = "com.hailongduong.Event-CountdownTests";
				PRODUCT_NAME = "$(TARGET_NAME)";
				SWIFT_EMIT_LOC_STRINGS = NO;
				SWIFT_VERSION = 5.0;
				TARGETED_DEVICE_FAMILY = "1,2";
				TEST_HOST = "$(BUILT_PRODUCTS_DIR)/Event Countdown.app/$(BUNDLE_EXECUTABLE_FOLDER_PATH)/Event Countdown";
			};
			name = Debug;
		};
		FDC31C2F2B444F8A00FBFEC4 /* Release */ = {
			isa = XCBuildConfiguration;
			buildSettings = {
				ALWAYS_EMBED_SWIFT_STANDARD_LIBRARIES = YES;
				BUNDLE_LOADER = "$(TEST_HOST)";
				CODE_SIGN_STYLE = Automatic;
				CURRENT_PROJECT_VERSION = 1;
				GENERATE_INFOPLIST_FILE = YES;
				IPHONEOS_DEPLOYMENT_TARGET = 17.2;
				MARKETING_VERSION = 1.0;
				PRODUCT_BUNDLE_IDENTIFIER = "com.hailongduong.Event-CountdownTests";
				PRODUCT_NAME = "$(TARGET_NAME)";
				SWIFT_EMIT_LOC_STRINGS = NO;
				SWIFT_VERSION = 5.0;
				TARGETED_DEVICE_FAMILY = "1,2";
				TEST_HOST = "$(BUILT_PRODUCTS_DIR)/Event Countdown.app/$(BUNDLE_EXECUTABLE_FOLDER_PATH)/Event Countdown";
			};
			name = Release;
		};
		FDC31C312B444F8A00FBFEC4 /* Debug */ = {
			isa = XCBuildConfiguration;
			buildSettings = {
				ALWAYS_EMBED_SWIFT_STANDARD_LIBRARIES = YES;
				CODE_SIGN_STYLE = Automatic;
				CURRENT_PROJECT_VERSION = 1;
				GENERATE_INFOPLIST_FILE = YES;
				MARKETING_VERSION = 1.0;
				PRODUCT_BUNDLE_IDENTIFIER = "com.hailongduong.Event-CountdownUITests";
				PRODUCT_NAME = "$(TARGET_NAME)";
				SWIFT_EMIT_LOC_STRINGS = NO;
				SWIFT_VERSION = 5.0;
				TARGETED_DEVICE_FAMILY = "1,2";
				TEST_TARGET_NAME = "Event Countdown";
			};
			name = Debug;
		};
		FDC31C322B444F8A00FBFEC4 /* Release */ = {
			isa = XCBuildConfiguration;
			buildSettings = {
				ALWAYS_EMBED_SWIFT_STANDARD_LIBRARIES = YES;
				CODE_SIGN_STYLE = Automatic;
				CURRENT_PROJECT_VERSION = 1;
				GENERATE_INFOPLIST_FILE = YES;
				MARKETING_VERSION = 1.0;
				PRODUCT_BUNDLE_IDENTIFIER = "com.hailongduong.Event-CountdownUITests";
				PRODUCT_NAME = "$(TARGET_NAME)";
				SWIFT_EMIT_LOC_STRINGS = NO;
				SWIFT_VERSION = 5.0;
				TARGETED_DEVICE_FAMILY = "1,2";
				TEST_TARGET_NAME = "Event Countdown";
			};
			name = Release;
		};
/* End XCBuildConfiguration section */

/* Begin XCConfigurationList section */
		FDC31C012B444F8800FBFEC4 /* Build configuration list for PBXProject "Event Countdown" */ = {
			isa = XCConfigurationList;
			buildConfigurations = (
				FDC31C282B444F8A00FBFEC4 /* Debug */,
				FDC31C292B444F8A00FBFEC4 /* Release */,
			);
			defaultConfigurationIsVisible = 0;
			defaultConfigurationName = Release;
		};
		FDC31C2A2B444F8A00FBFEC4 /* Build configuration list for PBXNativeTarget "Event Countdown" */ = {
			isa = XCConfigurationList;
			buildConfigurations = (
				FDC31C2B2B444F8A00FBFEC4 /* Debug */,
				FDC31C2C2B444F8A00FBFEC4 /* Release */,
			);
			defaultConfigurationIsVisible = 0;
			defaultConfigurationName = Release;
		};
		FDC31C2D2B444F8A00FBFEC4 /* Build configuration list for PBXNativeTarget "Event CountdownTests" */ = {
			isa = XCConfigurationList;
			buildConfigurations = (
				FDC31C2E2B444F8A00FBFEC4 /* Debug */,
				FDC31C2F2B444F8A00FBFEC4 /* Release */,
			);
			defaultConfigurationIsVisible = 0;
			defaultConfigurationName = Release;
		};
		FDC31C302B444F8A00FBFEC4 /* Build configuration list for PBXNativeTarget "Event CountdownUITests" */ = {
			isa = XCConfigurationList;
			buildConfigurations = (
				FDC31C312B444F8A00FBFEC4 /* Debug */,
				FDC31C322B444F8A00FBFEC4 /* Release */,
			);
			defaultConfigurationIsVisible = 0;
			defaultConfigurationName = Release;
		};
/* End XCConfigurationList section */
	};
	rootObject = FDC31BFE2B444F8800FBFEC4 /* Project object */;
}
